Microsoft Visual Studio Solution File, Format Version 12.00
# Visual Studio 14
Project("{2150E333-8FDC-42A3-9474-1A3956D46DE8}") = "CMakePredefinedTargets", "CMakePredefinedTargets", "{AAD31E3E-4334-3CE6-AE31-E3B5A36012E6}"
EndProject
Project("{2150E333-8FDC-42A3-9474-1A3956D46DE8}") = "GLFW3", "GLFW3", "{F1AE0011-BE8E-35C6-A31B-A8FC77C9E8D7}"
EndProject
Project("{8BC9CEB8-8B4A-11D0-8D11-00A0C91BC942}") = "ALL_BUILD", "ALL_BUILD.vcxproj", "{6F1F2E4E-4147-38F9-A3BC-C0BD3D8A9022}"
	ProjectSection(ProjectDependencies) = postProject
		{A000938C-A0DE-38B3-BB6F-B5C26BE324D6} = {A000938C-A0DE-38B3-BB6F-B5C26BE324D6}
		{23721CC0-759E-362B-AEFE-711CB0B00B96} = {23721CC0-759E-362B-AEFE-711CB0B00B96}
	EndProjectSection
EndProject
Project("{8BC9CEB8-8B4A-11D0-8D11-00A0C91BC942}") = "INSTALL", "INSTALL.vcxproj", "{2EE0E8D9-5E0D-3C0F-A2A2-BC78A025840A}"
	ProjectSection(ProjectDependencies) = postProject
		{6F1F2E4E-4147-38F9-A3BC-C0BD3D8A9022} = {6F1F2E4E-4147-38F9-A3BC-C0BD3D8A9022}
		{A000938C-A0DE-38B3-BB6F-B5C26BE324D6} = {A000938C-A0DE-38B3-BB6F-B5C26BE324D6}
	EndProjectSection
EndProject
Project("{8BC9CEB8-8B4A-11D0-8D11-00A0C91BC942}") = "ZERO_CHECK", "..\\ZERO_CHECK.vcxproj", "{A000938C-A0DE-38B3-BB6F-B5C26BE324D6}"
	ProjectSection(ProjectDependencies) = postProject
	EndProjectSection
EndProject
Project("{8BC9CEB8-8B4A-11D0-8D11-00A0C91BC942}") = "glfw", "src\glfw.vcxproj", "{23721CC0-759E-362B-AEFE-711CB0B00B96}"
	ProjectSection(ProjectDependencies) = postProject
		{A000938C-A0DE-38B3-BB6F-B5C26BE324D6} = {A000938C-A0DE-38B3-BB6F-B5C26BE324D6}
	EndProjectSection
EndProject
Project("{8BC9CEB8-8B4A-11D0-8D11-00A0C91BC942}") = "uninstall", "uninstall.vcxproj", "{92098D6B-9D8B-37E5-90A5-3666FBD9FE97}"
	ProjectSection(ProjectDependencies) = postProject
		{A000938C-A0DE-38B3-BB6F-B5C26BE324D6} = {A000938C-A0DE-38B3-BB6F-B5C26BE324D6}
	EndProjectSection
EndProject
Global
	GlobalSection(SolutionConfigurationPlatforms) = preSolution
		Debug|Win32 = Debug|Win32
		Release|Win32 = Release|Win32
		MinSizeRel|Win32 = MinSizeRel|Win32
		RelWithDebInfo|Win32 = RelWithDebInfo|Win32
	EndGlobalSection
	GlobalSection(ProjectConfigurationPlatforms) = postSolution
		{6F1F2E4E-4147-38F9-A3BC-C0BD3D8A9022}.Debug|Win32.ActiveCfg = Debug|Win32
		{6F1F2E4E-4147-38F9-A3BC-C0BD3D8A9022}.Debug|Win32.Build.0 = Debug|Win32
		{6F1F2E4E-4147-38F9-A3BC-C0BD3D8A9022}.Release|Win32.ActiveCfg = Release|Win32
		{6F1F2E4E-4147-38F9-A3BC-C0BD3D8A9022}.Release|Win32.Build.0 = Release|Win32
		{6F1F2E4E-4147-38F9-A3BC-C0BD3D8A9022}.MinSizeRel|Win32.ActiveCfg = MinSizeRel|Win32
		{6F1F2E4E-4147-38F9-A3BC-C0BD3D8A9022}.MinSizeRel|Win32.Build.0 = MinSizeRel|Win32
		{6F1F2E4E-4147-38F9-A3BC-C0BD3D8A9022}.RelWithDebInfo|Win32.ActiveCfg = RelWithDebInfo|Win32
		{6F1F2E4E-4147-38F9-A3BC-C0BD3D8A9022}.RelWithDebInfo|Win32.Build.0 = RelWithDebInfo|Win32
		{2EE0E8D9-5E0D-3C0F-A2A2-BC78A025840A}.Debug|Win32.ActiveCfg = Debug|Win32
		{2EE0E8D9-5E0D-3C0F-A2A2-BC78A025840A}.Release|Win32.ActiveCfg = Release|Win32
		{2EE0E8D9-5E0D-3C0F-A2A2-BC78A025840A}.MinSizeRel|Win32.ActiveCfg = MinSizeRel|Win32
		{2EE0E8D9-5E0D-3C0F-A2A2-BC78A025840A}.RelWithDebInfo|Win32.ActiveCfg = RelWithDebInfo|Win32
		{A000938C-A0DE-38B3-BB6F-B5C26BE324D6}.Debug|Win32.ActiveCfg = Debug|Win32
		{A000938C-A0DE-38B3-BB6F-B5C26BE324D6}.Debug|Win32.Build.0 = Debug|Win32
		{A000938C-A0DE-38B3-BB6F-B5C26BE324D6}.Release|Win32.ActiveCfg = Release|Win32
		{A000938C-A0DE-38B3-BB6F-B5C26BE324D6}.Release|Win32.Build.0 = Release|Win32
		{A000938C-A0DE-38B3-BB6F-B5C26BE324D6}.MinSizeRel|Win32.ActiveCfg = MinSizeRel|Win32
		{A000938C-A0DE-38B3-BB6F-B5C26BE324D6}.MinSizeRel|Win32.Build.0 = MinSizeRel|Win32
		{A000938C-A0DE-38B3-BB6F-B5C26BE324D6}.RelWithDebInfo|Win32.ActiveCfg = RelWithDebInfo|Win32
		{A000938C-A0DE-38B3-BB6F-B5C26BE324D6}.RelWithDebInfo|Win32.Build.0 = RelWithDebInfo|Win32
		{23721CC0-759E-362B-AEFE-711CB0B00B96}.Debug|Win32.ActiveCfg = Debug|Win32
		{23721CC0-759E-362B-AEFE-711CB0B00B96}.Debug|Win32.Build.0 = Debug|Win32
		{23721CC0-759E-362B-AEFE-711CB0B00B96}.Release|Win32.ActiveCfg = Release|Win32
		{23721CC0-759E-362B-AEFE-711CB0B00B96}.Release|Win32.Build.0 = Release|Win32
		{23721CC0-759E-362B-AEFE-711CB0B00B96}.MinSizeRel|Win32.ActiveCfg = MinSizeRel|Win32
		{23721CC0-759E-362B-AEFE-711CB0B00B96}.MinSizeRel|Win32.Build.0 = MinSizeRel|Win32
		{23721CC0-759E-362B-AEFE-711CB0B00B96}.RelWithDebInfo|Win32.ActiveCfg = RelWithDebInfo|Win32
		{23721CC0-759E-362B-AEFE-711CB0B00B96}.RelWithDebInfo|Win32.Build.0 = RelWithDebInfo|Win32
		{92098D6B-9D8B-37E5-90A5-3666FBD9FE97}.Debug|Win32.ActiveCfg = Debug|Win32
		{92098D6B-9D8B-37E5-90A5-3666FBD9FE97}.Release|Win32.ActiveCfg = Release|Win32
		{92098D6B-9D8B-37E5-90A5-3666FBD9FE97}.MinSizeRel|Win32.ActiveCfg = MinSizeRel|Win32
		{92098D6B-9D8B-37E5-90A5-3666FBD9FE97}.RelWithDebInfo|Win32.ActiveCfg = RelWithDebInfo|Win32
	EndGlobalSection
	GlobalSection(NestedProjects) = preSolution
		{6F1F2E4E-4147-38F9-A3BC-C0BD3D8A9022} = {AAD31E3E-4334-3CE6-AE31-E3B5A36012E6}
		{2EE0E8D9-5E0D-3C0F-A2A2-BC78A025840A} = {AAD31E3E-4334-3CE6-AE31-E3B5A36012E6}
		{A000938C-A0DE-38B3-BB6F-B5C26BE324D6} = {AAD31E3E-4334-3CE6-AE31-E3B5A36012E6}
		{23721CC0-759E-362B-AEFE-711CB0B00B96} = {F1AE0011-BE8E-35C6-A31B-A8FC77C9E8D7}
	EndGlobalSection
	GlobalSection(ExtensibilityGlobals) = postSolution
		SolutionGuid = {A6E4BF86-E05F-3229-B7D7-3549B95FEA67}
	EndGlobalSection
	GlobalSection(ExtensibilityAddIns) = postSolution
	EndGlobalSection
EndGlobal
