<?xml version="1.0" encoding="UTF-8"?>
<Project ToolsVersion="14.0" xmlns="http://schemas.microsoft.com/developer/msbuild/2003">
  <ItemGroup>
    <ClCompile Include="D:\Programming\Zápočťák\SolarSystem\SolarSystem\External\imgui\imgui.cpp">
      <Filter>Source Files</Filter>
    </ClCompile>
    <ClCompile Include="D:\Programming\Zápočťák\SolarSystem\SolarSystem\External\imgui\imguiExtended\LineGraph.cpp">
      <Filter>Source Files</Filter>
    </ClCompile>
    <ClCompile Include="D:\Programming\Zápočťák\SolarSystem\SolarSystem\External\imgui\imgui_draw.cpp">
      <Filter>Source Files</Filter>
    </ClCompile>
    <ClCompile Include="D:\Programming\Zápočťák\SolarSystem\SolarSystem\Source\Common\Timing.cpp">
      <Filter>Source Files</Filter>
    </ClCompile>
    <ClCompile Include="D:\Programming\Zápočťák\SolarSystem\SolarSystem\Source\ConsoleControl.cpp">
      <Filter>Source Files</Filter>
    </ClCompile>
    <ClCompile Include="D:\Programming\Zápočťák\SolarSystem\SolarSystem\Source\Main.cpp">
      <Filter>Source Files</Filter>
    </ClCompile>
    <ClCompile Include="D:\Programming\Zápočťák\SolarSystem\SolarSystem\Source\Parsers\FormattedFileParser.cpp">
      <Filter>Source Files</Filter>
    </ClCompile>
    <ClCompile Include="D:\Programming\Zápočťák\SolarSystem\SolarSystem\Source\Parsers\ReplayerParser.cpp">
      <Filter>Source Files</Filter>
    </ClCompile>
    <ClCompile Include="D:\Programming\Zápočťák\SolarSystem\SolarSystem\Source\Parsers\SolarParser.cpp">
      <Filter>Source Files</Filter>
    </ClCompile>
    <ClCompile Include="D:\Programming\Zápočťák\SolarSystem\SolarSystem\Source\SimMethods\ExplicitEuler.cpp">
      <Filter>Source Files</Filter>
    </ClCompile>
    <ClCompile Include="D:\Programming\Zápočťák\SolarSystem\SolarSystem\Source\SimMethods\RK4.cpp">
      <Filter>Source Files</Filter>
    </ClCompile>
    <ClCompile Include="D:\Programming\Zápočťák\SolarSystem\SolarSystem\Source\SimMethods\ReplayerMethod.cpp">
      <Filter>Source Files</Filter>
    </ClCompile>
    <ClCompile Include="D:\Programming\Zápočťák\SolarSystem\SolarSystem\Source\SimMethods\SemiImplicitEuler.cpp">
      <Filter>Source Files</Filter>
    </ClCompile>
    <ClCompile Include="D:\Programming\Zápočťák\SolarSystem\SolarSystem\Source\Simulation.cpp">
      <Filter>Source Files</Filter>
    </ClCompile>
    <ClCompile Include="D:\Programming\Zápočťák\SolarSystem\SolarSystem\Source\Units\SystemUnit.cpp">
      <Filter>Source Files</Filter>
    </ClCompile>
    <ClCompile Include="D:\Programming\Zápočťák\SolarSystem\SolarSystem\Source\Units\Unit.cpp">
      <Filter>Source Files</Filter>
    </ClCompile>
    <ClCompile Include="D:\Programming\Zápočťák\SolarSystem\SolarSystem\Source\Viewers\IMGuiViewer.cpp">
      <Filter>Source Files</Filter>
    </ClCompile>
    <ClCompile Include="D:\Programming\Zápočťák\SolarSystem\SolarSystem\Source\Viewers\IMGuiViewer\Drawers\GUI\Graphs.cpp">
      <Filter>Source Files</Filter>
    </ClCompile>
    <ClCompile Include="D:\Programming\Zápočťák\SolarSystem\SolarSystem\Source\Viewers\IMGuiViewer\Drawers\GUI\ObjectContextMenu.cpp">
      <Filter>Source Files</Filter>
    </ClCompile>
    <ClCompile Include="D:\Programming\Zápočťák\SolarSystem\SolarSystem\Source\Viewers\IMGuiViewer\Drawers\GUI\ReplayControls.cpp">
      <Filter>Source Files</Filter>
    </ClCompile>
    <ClCompile Include="D:\Programming\Zápočťák\SolarSystem\SolarSystem\Source\Viewers\IMGuiViewer\Drawers\GUI\SimProperties.cpp">
      <Filter>Source Files</Filter>
    </ClCompile>
    <ClCompile Include="D:\Programming\Zápočťák\SolarSystem\SolarSystem\Source\Viewers\IMGuiViewer\Drawers\GUI\UnitsProperties.cpp">
      <Filter>Source Files</Filter>
    </ClCompile>
    <ClCompile Include="D:\Programming\Zápočťák\SolarSystem\SolarSystem\Source\Viewers\IMGuiViewer\Drawers\GUI\VisualPreferences.cpp">
      <Filter>Source Files</Filter>
    </ClCompile>
    <ClCompile Include="D:\Programming\Zápočťák\SolarSystem\SolarSystem\Source\Viewers\IMGuiViewer\Drawers\GUIDrawer.cpp">
      <Filter>Source Files</Filter>
    </ClCompile>
    <ClCompile Include="D:\Programming\Zápočťák\SolarSystem\SolarSystem\Source\Viewers\IMGuiViewer\Drawers\ReplayGUIDrawer.cpp">
      <Filter>Source Files</Filter>
    </ClCompile>
    <ClCompile Include="D:\Programming\Zápočťák\SolarSystem\SolarSystem\Source\Viewers\IMGuiViewer\Drawers\Scene\Camera.cpp">
      <Filter>Source Files</Filter>
    </ClCompile>
    <ClCompile Include="D:\Programming\Zápočťák\SolarSystem\SolarSystem\Source\Viewers\IMGuiViewer\Drawers\Scene\CameraControls.cpp">
      <Filter>Source Files</Filter>
    </ClCompile>
    <ClCompile Include="D:\Programming\Zápočťák\SolarSystem\SolarSystem\Source\Viewers\IMGuiViewer\Drawers\Scene\GridDrawer.cpp">
      <Filter>Source Files</Filter>
    </ClCompile>
    <ClCompile Include="D:\Programming\Zápočťák\SolarSystem\SolarSystem\Source\Viewers\IMGuiViewer\Drawers\Scene\LineTrailsDrawer.cpp">
      <Filter>Source Files</Filter>
    </ClCompile>
    <ClCompile Include="D:\Programming\Zápočťák\SolarSystem\SolarSystem\Source\Viewers\IMGuiViewer\Drawers\Scene\SimDataDrawer.cpp">
      <Filter>Source Files</Filter>
    </ClCompile>
    <ClCompile Include="D:\Programming\Zápočťák\SolarSystem\SolarSystem\Source\Viewers\IMGuiViewer\Drawers\Scene\TestDrawer.cpp">
      <Filter>Source Files</Filter>
    </ClCompile>
    <ClCompile Include="D:\Programming\Zápočťák\SolarSystem\SolarSystem\Source\Viewers\IMGuiViewer\Drawers\SceneDrawer.cpp">
      <Filter>Source Files</Filter>
    </ClCompile>
    <ClCompile Include="D:\Programming\Zápočťák\SolarSystem\SolarSystem\Source\Viewers\IMGuiViewer\ImGuiBackend.cpp">
      <Filter>Source Files</Filter>
    </ClCompile>
    <ClCompile Include="D:\Programming\Zápočťák\SolarSystem\SolarSystem\Source\Viewers\IMGuiViewer\OpenGL\CircleBuffer.cpp">
      <Filter>Source Files</Filter>
    </ClCompile>
    <ClCompile Include="D:\Programming\Zápočťák\SolarSystem\SolarSystem\Source\Viewers\IMGuiViewer\OpenGL\Error.cpp">
      <Filter>Source Files</Filter>
    </ClCompile>
    <ClCompile Include="D:\Programming\Zápočťák\SolarSystem\SolarSystem\Source\Viewers\IMGuiViewer\OpenGL\Grid.cpp">
      <Filter>Source Files</Filter>
    </ClCompile>
    <ClCompile Include="D:\Programming\Zápočťák\SolarSystem\SolarSystem\Source\Viewers\IMGuiViewer\OpenGL\Pinheads.cpp">
      <Filter>Source Files</Filter>
    </ClCompile>
    <ClCompile Include="D:\Programming\Zápočťák\SolarSystem\SolarSystem\Source\Viewers\IMGuiViewer\OpenGL\Shader.cpp">
      <Filter>Source Files</Filter>
    </ClCompile>
    <ClCompile Include="D:\Programming\Zápočťák\SolarSystem\SolarSystem\Source\Viewers\IMGuiViewer\OpenGL\Sphere.cpp">
      <Filter>Source Files</Filter>
    </ClCompile>
    <ClCompile Include="D:\Programming\Zápočťák\SolarSystem\SolarSystem\Source\Viewers\IMGuiViewer\OpenGL\UnitTrail.cpp">
      <Filter>Source Files</Filter>
    </ClCompile>
    <ClCompile Include="D:\Programming\Zápočťák\SolarSystem\SolarSystem\Source\Viewers\IMGuiViewer\OpenGLBackEnd.cpp">
      <Filter>Source Files</Filter>
    </ClCompile>
    <ClCompile Include="D:\Programming\Zápočťák\SolarSystem\SolarSystem\Source\Viewers\ReplayerViewer.cpp">
      <Filter>Source Files</Filter>
    </ClCompile>
    <ClCompile Include="D:\Programming\Zápočťák\SolarSystem\SolarSystem\Source\Viewers\ViewAndRecord.cpp">
      <Filter>Source Files</Filter>
    </ClCompile>
    <ClCompile Include="D:\Programming\Zápočťák\SolarSystem\SolarSystem\External\glad\glad.c">
      <Filter>Source Files</Filter>
    </ClCompile>
  </ItemGroup>
  <ItemGroup>
    <ClInclude Include="D:\Programming\Zápočťák\SolarSystem\SolarSystem\External\glad\glad.h">
      <Filter>Header Files</Filter>
    </ClInclude>
    <ClInclude Include="D:\Programming\Zápočťák\SolarSystem\SolarSystem\External\imgui\imconfig.h">
      <Filter>Header Files</Filter>
    </ClInclude>
    <ClInclude Include="D:\Programming\Zápočťák\SolarSystem\SolarSystem\External\imgui\imgui.h">
      <Filter>Header Files</Filter>
    </ClInclude>
    <ClInclude Include="D:\Programming\Zápočťák\SolarSystem\SolarSystem\External\imgui\imguiExtended.h">
      <Filter>Header Files</Filter>
    </ClInclude>
    <ClInclude Include="D:\Programming\Zápočťák\SolarSystem\SolarSystem\External\imgui\imguiExtended\LineGraph.h">
      <Filter>Header Files</Filter>
    </ClInclude>
    <ClInclude Include="D:\Programming\Zápočťák\SolarSystem\SolarSystem\External\imgui\imgui_internal.h">
      <Filter>Header Files</Filter>
    </ClInclude>
    <ClInclude Include="D:\Programming\Zápočťák\SolarSystem\SolarSystem\External\imgui\stb_rect_pack.h">
      <Filter>Header Files</Filter>
    </ClInclude>
    <ClInclude Include="D:\Programming\Zápočťák\SolarSystem\SolarSystem\External\imgui\stb_textedit.h">
      <Filter>Header Files</Filter>
    </ClInclude>
    <ClInclude Include="D:\Programming\Zápočťák\SolarSystem\SolarSystem\External\imgui\stb_truetype.h">
      <Filter>Header Files</Filter>
    </ClInclude>
    <ClInclude Include="D:\Programming\Zápočťák\SolarSystem\SolarSystem\Source\Common\Exception.h">
      <Filter>Header Files</Filter>
    </ClInclude>
    <ClInclude Include="D:\Programming\Zápočťák\SolarSystem\SolarSystem\Source\Common\Timing.h">
      <Filter>Header Files</Filter>
    </ClInclude>
    <ClInclude Include="D:\Programming\Zápočťák\SolarSystem\SolarSystem\Source\ConsoleControl.h">
      <Filter>Header Files</Filter>
    </ClInclude>
    <ClInclude Include="D:\Programming\Zápočťák\SolarSystem\SolarSystem\Source\Math\Common.h">
      <Filter>Header Files</Filter>
    </ClInclude>
    <ClInclude Include="D:\Programming\Zápočťák\SolarSystem\SolarSystem\Source\Math\Mat4.h">
      <Filter>Header Files</Filter>
    </ClInclude>
    <ClInclude Include="D:\Programming\Zápočťák\SolarSystem\SolarSystem\Source\Math\Math.h">
      <Filter>Header Files</Filter>
    </ClInclude>
    <ClInclude Include="D:\Programming\Zápočťák\SolarSystem\SolarSystem\Source\Math\Vec2.h">
      <Filter>Header Files</Filter>
    </ClInclude>
    <ClInclude Include="D:\Programming\Zápočťák\SolarSystem\SolarSystem\Source\Math\Vec3.h">
      <Filter>Header Files</Filter>
    </ClInclude>
    <ClInclude Include="D:\Programming\Zápočťák\SolarSystem\SolarSystem\Source\Math\Vec4.h">
      <Filter>Header Files</Filter>
    </ClInclude>
    <ClInclude Include="D:\Programming\Zápočťák\SolarSystem\SolarSystem\Source\Parsers\FormattedFileParser.h">
      <Filter>Header Files</Filter>
    </ClInclude>
    <ClInclude Include="D:\Programming\Zápočťák\SolarSystem\SolarSystem\Source\Parsers\Parser.h">
      <Filter>Header Files</Filter>
    </ClInclude>
    <ClInclude Include="D:\Programming\Zápočťák\SolarSystem\SolarSystem\Source\Parsers\ReplayerParser.h">
      <Filter>Header Files</Filter>
    </ClInclude>
    <ClInclude Include="D:\Programming\Zápočťák\SolarSystem\SolarSystem\Source\Parsers\SerializeUnit.h">
      <Filter>Header Files</Filter>
    </ClInclude>
    <ClInclude Include="D:\Programming\Zápočťák\SolarSystem\SolarSystem\Source\Parsers\SolarParser.h">
      <Filter>Header Files</Filter>
    </ClInclude>
    <ClInclude Include="D:\Programming\Zápočťák\SolarSystem\SolarSystem\Source\RecordedSimulation.h">
      <Filter>Header Files</Filter>
    </ClInclude>
    <ClInclude Include="D:\Programming\Zápočťák\SolarSystem\SolarSystem\Source\ReplayedSimulation.h">
      <Filter>Header Files</Filter>
    </ClInclude>
    <ClInclude Include="D:\Programming\Zápočťák\SolarSystem\SolarSystem\Source\SimMethods\ExplicitEuler.h">
      <Filter>Header Files</Filter>
    </ClInclude>
    <ClInclude Include="D:\Programming\Zápočťák\SolarSystem\SolarSystem\Source\SimMethods\RK4.h">
      <Filter>Header Files</Filter>
    </ClInclude>
    <ClInclude Include="D:\Programming\Zápočťák\SolarSystem\SolarSystem\Source\SimMethods\ReplayerMethod.h">
      <Filter>Header Files</Filter>
    </ClInclude>
    <ClInclude Include="D:\Programming\Zápočťák\SolarSystem\SolarSystem\Source\SimMethods\SemiImplicitEuler.h">
      <Filter>Header Files</Filter>
    </ClInclude>
    <ClInclude Include="D:\Programming\Zápočťák\SolarSystem\SolarSystem\Source\SimMethods\SimMethod.h">
      <Filter>Header Files</Filter>
    </ClInclude>
    <ClInclude Include="D:\Programming\Zápočťák\SolarSystem\SolarSystem\Source\Simulation.h">
      <Filter>Header Files</Filter>
    </ClInclude>
    <ClInclude Include="D:\Programming\Zápočťák\SolarSystem\SolarSystem\Source\Units\PhysicsUnits.h">
      <Filter>Header Files</Filter>
    </ClInclude>
    <ClInclude Include="D:\Programming\Zápočťák\SolarSystem\SolarSystem\Source\Units\SystemUnit.h">
      <Filter>Header Files</Filter>
    </ClInclude>
    <ClInclude Include="D:\Programming\Zápočťák\SolarSystem\SolarSystem\Source\Units\SystemUnitTypes.h">
      <Filter>Header Files</Filter>
    </ClInclude>
    <ClInclude Include="D:\Programming\Zápočťák\SolarSystem\SolarSystem\Source\Units\Unit.h">
      <Filter>Header Files</Filter>
    </ClInclude>
    <ClInclude Include="D:\Programming\Zápočťák\SolarSystem\SolarSystem\Source\Viewers\EmptyViewer.h">
      <Filter>Header Files</Filter>
    </ClInclude>
    <ClInclude Include="D:\Programming\Zápočťák\SolarSystem\SolarSystem\Source\Viewers\IMGuiViewer.h">
      <Filter>Header Files</Filter>
    </ClInclude>
    <ClInclude Include="D:\Programming\Zápočťák\SolarSystem\SolarSystem\Source\Viewers\IMGuiViewer\Drawers\GUI\Graphs.h">
      <Filter>Header Files</Filter>
    </ClInclude>
    <ClInclude Include="D:\Programming\Zápočťák\SolarSystem\SolarSystem\Source\Viewers\IMGuiViewer\Drawers\GUI\ObjectContextMenu.h">
      <Filter>Header Files</Filter>
    </ClInclude>
    <ClInclude Include="D:\Programming\Zápočťák\SolarSystem\SolarSystem\Source\Viewers\IMGuiViewer\Drawers\GUI\ReplayControls.h">
      <Filter>Header Files</Filter>
    </ClInclude>
    <ClInclude Include="D:\Programming\Zápočťák\SolarSystem\SolarSystem\Source\Viewers\IMGuiViewer\Drawers\GUI\SimProperties.h">
      <Filter>Header Files</Filter>
    </ClInclude>
    <ClInclude Include="D:\Programming\Zápočťák\SolarSystem\SolarSystem\Source\Viewers\IMGuiViewer\Drawers\GUI\UnitsProperties.h">
      <Filter>Header Files</Filter>
    </ClInclude>
    <ClInclude Include="D:\Programming\Zápočťák\SolarSystem\SolarSystem\Source\Viewers\IMGuiViewer\Drawers\GUI\VisualPreferences.h">
      <Filter>Header Files</Filter>
    </ClInclude>
    <ClInclude Include="D:\Programming\Zápočťák\SolarSystem\SolarSystem\Source\Viewers\IMGuiViewer\Drawers\GUIDrawer.h">
      <Filter>Header Files</Filter>
    </ClInclude>
    <ClInclude Include="D:\Programming\Zápočťák\SolarSystem\SolarSystem\Source\Viewers\IMGuiViewer\Drawers\ReplayGUIDrawer.h">
      <Filter>Header Files</Filter>
    </ClInclude>
    <ClInclude Include="D:\Programming\Zápočťák\SolarSystem\SolarSystem\Source\Viewers\IMGuiViewer\Drawers\Scene\Camera.h">
      <Filter>Header Files</Filter>
    </ClInclude>
    <ClInclude Include="D:\Programming\Zápočťák\SolarSystem\SolarSystem\Source\Viewers\IMGuiViewer\Drawers\Scene\CameraControls.h">
      <Filter>Header Files</Filter>
    </ClInclude>
    <ClInclude Include="D:\Programming\Zápočťák\SolarSystem\SolarSystem\Source\Viewers\IMGuiViewer\Drawers\Scene\GridDrawer.h">
      <Filter>Header Files</Filter>
    </ClInclude>
    <ClInclude Include="D:\Programming\Zápočťák\SolarSystem\SolarSystem\Source\Viewers\IMGuiViewer\Drawers\Scene\LineTrailsDrawer.h">
      <Filter>Header Files</Filter>
    </ClInclude>
    <ClInclude Include="D:\Programming\Zápočťák\SolarSystem\SolarSystem\Source\Viewers\IMGuiViewer\Drawers\Scene\SimDataDrawer.h">
      <Filter>Header Files</Filter>
    </ClInclude>
    <ClInclude Include="D:\Programming\Zápočťák\SolarSystem\SolarSystem\Source\Viewers\IMGuiViewer\Drawers\Scene\TestDrawer.h">
      <Filter>Header Files</Filter>
    </ClInclude>
    <ClInclude Include="D:\Programming\Zápočťák\SolarSystem\SolarSystem\Source\Viewers\IMGuiViewer\Drawers\SceneDrawer.h">
      <Filter>Header Files</Filter>
    </ClInclude>
    <ClInclude Include="D:\Programming\Zápočťák\SolarSystem\SolarSystem\Source\Viewers\IMGuiViewer\ImGuiBackend.h">
      <Filter>Header Files</Filter>
    </ClInclude>
    <ClInclude Include="D:\Programming\Zápočťák\SolarSystem\SolarSystem\Source\Viewers\IMGuiViewer\OpenGL\CircleBuffer.h">
      <Filter>Header Files</Filter>
    </ClInclude>
    <ClInclude Include="D:\Programming\Zápočťák\SolarSystem\SolarSystem\Source\Viewers\IMGuiViewer\OpenGL\Error.h">
      <Filter>Header Files</Filter>
    </ClInclude>
    <ClInclude Include="D:\Programming\Zápočťák\SolarSystem\SolarSystem\Source\Viewers\IMGuiViewer\OpenGL\Grid.h">
      <Filter>Header Files</Filter>
    </ClInclude>
    <ClInclude Include="D:\Programming\Zápočťák\SolarSystem\SolarSystem\Source\Viewers\IMGuiViewer\OpenGL\Pinheads.h">
      <Filter>Header Files</Filter>
    </ClInclude>
    <ClInclude Include="D:\Programming\Zápočťák\SolarSystem\SolarSystem\Source\Viewers\IMGuiViewer\OpenGL\Shader.h">
      <Filter>Header Files</Filter>
    </ClInclude>
    <ClInclude Include="D:\Programming\Zápočťák\SolarSystem\SolarSystem\Source\Viewers\IMGuiViewer\OpenGL\Sphere.h">
      <Filter>Header Files</Filter>
    </ClInclude>
    <ClInclude Include="D:\Programming\Zápočťák\SolarSystem\SolarSystem\Source\Viewers\IMGuiViewer\OpenGL\UnitTrail.h">
      <Filter>Header Files</Filter>
    </ClInclude>
    <ClInclude Include="D:\Programming\Zápočťák\SolarSystem\SolarSystem\Source\Viewers\IMGuiViewer\OpenGLBackEnd.h">
      <Filter>Header Files</Filter>
    </ClInclude>
    <ClInclude Include="D:\Programming\Zápočťák\SolarSystem\SolarSystem\Source\Viewers\ReplayerViewer.h">
      <Filter>Header Files</Filter>
    </ClInclude>
    <ClInclude Include="D:\Programming\Zápočťák\SolarSystem\SolarSystem\Source\Viewers\ViewAndRecord.h">
      <Filter>Header Files</Filter>
    </ClInclude>
    <ClInclude Include="D:\Programming\Zápočťák\SolarSystem\SolarSystem\Source\Viewers\Viewer.h">
      <Filter>Header Files</Filter>
    </ClInclude>
  </ItemGroup>
  <ItemGroup>
    <CustomBuild Include="D:\Programming\Zápočťák\SolarSystem\CMakeLists.txt" />
  </ItemGroup>
  <ItemGroup>
    <Filter Include="Source Files">
      <UniqueIdentifier>{70CE1402-7AE4-314A-9FB9-856974031656}</UniqueIdentifier>
    </Filter>
    <Filter Include="Header Files">
      <UniqueIdentifier>{294DEFDB-4BCB-35FB-B611-27F91DB16C42}</UniqueIdentifier>
    </Filter>
  </ItemGroup>
</Project>
